
Microsoft Visual Studio Solution File, Format Version 12.00
# Visual Studio Version 17
VisualStudioVersion = 17.0.32112.339
MinimumVisualStudioVersion = 10.0.40219.1
Project("{9A19103F-16F7-4668-BE54-9A1E7A4F7556}") = "MonteCarlo", "MonteCarlo.csproj", "{C09410EC-1E00-404D-94C5-C222E830A8EB}"
EndProject
Global
	GlobalSection(SolutionConfigurationPlatforms) = preSolution
		Debug|Any CPU = Debug|Any CPU
		Release|Any CPU = Release|Any CPU
	EndGlobalSection
	GlobalSection(ProjectConfigurationPlatforms) = postSolution
		{C09410EC-1E00-404D-94C5-C222E830A8EB}.Debug|Any CPU.ActiveCfg = Debug|Any CPU
		{C09410EC-1E00-404D-94C5-C222E830A8EB}.Debug|Any CPU.Build.0 = Debug|Any CPU
		{C09410EC-1E00-404D-94C5-C222E830A8EB}.Release|Any CPU.ActiveCfg = Release|Any CPU
		{C09410EC-1E00-404D-94C5-C222E830A8EB}.Release|Any CPU.Build.0 = Release|Any CPU
	EndGlobalSection
	GlobalSection(SolutionProperties) = preSolution
		HideSolutionNode = FALSE
	EndGlobalSection
	GlobalSection(ExtensibilityGlobals) = postSolution
		SolutionGuid = {5FD5C2E2-146C-449D-B8C4-31F5CAF327EA}
	EndGlobalSection
EndGlobal
